
Microsoft Visual Studio Solution File, Format Version 12.00
# Visual Studio Version 17
VisualStudioVersion = 17.9.34723.18
MinimumVisualStudioVersion = 10.0.40219.1
Project("{8BC9CEB8-8B4A-11D0-8D11-00A0C91BC942}") = "Fall2025FirstOOP", "Fall2025FirstOOP.vcxproj", "{CCBA643A-0178-4FC0-861E-D8614BC37327}"
EndProject
Global
	GlobalSection(SolutionConfigurationPlatforms) = preSolution
		Debug|x64 = Debug|x64
		Debug|x86 = Debug|x86
		Release|x64 = Release|x64
		Release|x86 = Release|x86
	EndGlobalSection
	GlobalSection(ProjectConfigurationPlatforms) = postSolution
		{CCBA643A-0178-4FC0-861E-D8614BC37327}.Debug|x64.ActiveCfg = Debug|x64
		{CCBA643A-0178-4FC0-861E-D8614BC37327}.Debug|x64.Build.0 = Debug|x64
		{CCBA643A-0178-4FC0-861E-D8614BC37327}.Debug|x86.ActiveCfg = Debug|Win32
		{CCBA643A-0178-4FC0-861E-D8614BC37327}.Debug|x86.Build.0 = Debug|Win32
		{CCBA643A-0178-4FC0-861E-D8614BC37327}.Release|x64.ActiveCfg = Release|x64
		{CCBA643A-0178-4FC0-861E-D8614BC37327}.Release|x64.Build.0 = Release|x64
		{CCBA643A-0178-4FC0-861E-D8614BC37327}.Release|x86.ActiveCfg = Release|Win32
		{CCBA643A-0178-4FC0-861E-D8614BC37327}.Release|x86.Build.0 = Release|Win32
	EndGlobalSection
	GlobalSection(SolutionProperties) = preSolution
		HideSolutionNode = FALSE
	EndGlobalSection
	GlobalSection(ExtensibilityGlobals) = postSolution
		SolutionGuid = {54AAE226-4A55-4933-8BAF-76F768EC5597}
	EndGlobalSection
EndGlobal
